// !$*UTF8*$!
{
	archiveVersion = 1;
	classes = {
	};
	objectVersion = 50;
	objects = {

/* Begin PBXBuildFile section */
		52261BD625ABE30600C7FA25 /* AppDelegate.swift in Sources */ = {isa = PBXBuildFile; fileRef = 52261BD525ABE30600C7FA25 /* AppDelegate.swift */; };
		52261BD825ABE30600C7FA25 /* SceneDelegate.swift in Sources */ = {isa = PBXBuildFile; fileRef = 52261BD725ABE30600C7FA25 /* SceneDelegate.swift */; };
		52261BDA25ABE30600C7FA25 /* ViewController.swift in Sources */ = {isa = PBXBuildFile; fileRef = 52261BD925ABE30600C7FA25 /* ViewController.swift */; };
		52261BDD25ABE30600C7FA25 /* Main.storyboard in Resources */ = {isa = PBXBuildFile; fileRef = 52261BDB25ABE30600C7FA25 /* Main.storyboard */; };
		52261BDF25ABE30700C7FA25 /* Assets.xcassets in Resources */ = {isa = PBXBuildFile; fileRef = 52261BDE25ABE30700C7FA25 /* Assets.xcassets */; };
		52261BE225ABE30700C7FA25 /* LaunchScreen.storyboard in Resources */ = {isa = PBXBuildFile; fileRef = 52261BE025ABE30700C7FA25 /* LaunchScreen.storyboard */; };
		52261BED25ABE30700C7FA25 /* PreworkTests.swift in Sources */ = {isa = PBXBuildFile; fileRef = 52261BEC25ABE30700C7FA25 /* PreworkTests.swift */; };
		52261BF825ABE30700C7FA25 /* PreworkUITests.swift in Sources */ = {isa = PBXBuildFile; fileRef = 52261BF725ABE30700C7FA25 /* PreworkUITests.swift */; };
/* End PBXBuildFile section */

/* Begin PBXContainerItemProxy section */
		52261BE925ABE30700C7FA25 /* PBXContainerItemProxy */ = {
			isa = PBXContainerItemProxy;
			containerPortal = 52261BCA25ABE30600C7FA25 /* Project object */;
			proxyType = 1;
			remoteGlobalIDString = 52261BD125ABE30600C7FA25;
			remoteInfo = Prework;
		};
		52261BF425ABE30700C7FA25 /* PBXContainerItemProxy */ = {
			isa = PBXContainerItemProxy;
			containerPortal = 52261BCA25ABE30600C7FA25 /* Project object */;
			proxyType = 1;
			remoteGlobalIDString = 52261BD125ABE30600C7FA25;
			remoteInfo = Prework;
		};
/* End PBXContainerItemProxy section */

/* Begin PBXFileReference section */
		52261BD225ABE30600C7FA25 /* Prework.app */ = {isa = PBXFileReference; explicitFileType = wrapper.application; includeInIndex = 0; path = Prework.app; sourceTree = BUILT_PRODUCTS_DIR; };
		52261BD525ABE30600C7FA25 /* AppDelegate.swift */ = {isa = PBXFileReference; lastKnownFileType = sourcecode.swift; path = AppDelegate.swift; sourceTree = "<group>"; };
		52261BD725ABE30600C7FA25 /* SceneDelegate.swift */ = {isa = PBXFileReference; lastKnownFileType = sourcecode.swift; path = SceneDelegate.swift; sourceTree = "<group>"; };
		52261BD925ABE30600C7FA25 /* ViewController.swift */ = {isa = PBXFileReference; lastKnownFileType = sourcecode.swift; path = ViewController.swift; sourceTree = "<group>"; };
		52261BDC25ABE30600C7FA25 /* Base */ = {isa = PBXFileReference; lastKnownFileType = file.storyboard; name = Base; path = Base.lproj/Main.storyboard; sourceTree = "<group>"; };
		52261BDE25ABE30700C7FA25 /* Assets.xcassets */ = {isa = PBXFileReference; lastKnownFileType = folder.assetcatalog; path = Assets.xcassets; sourceTree = "<group>"; };
		52261BE125ABE30700C7FA25 /* Base */ = {isa = PBXFileReference; lastKnownFileType = file.storyboard; name = Base; path = Base.lproj/LaunchScreen.storyboard; sourceTree = "<group>"; };
		52261BE325ABE30700C7FA25 /* Info.plist */ = {isa = PBXFileReference; lastKnownFileType = text.plist.xml; path = Info.plist; sourceTree = "<group>"; };
		52261BE825ABE30700C7FA25 /* PreworkTests.xctest */ = {isa = PBXFileReference; explicitFileType = wrapper.cfbundle; includeInIndex = 0; path = PreworkTests.xctest; sourceTree = BUILT_PRODUCTS_DIR; };
		52261BEC25ABE30700C7FA25 /* PreworkTests.swift */ = {isa = PBXFileReference; lastKnownFileType = sourcecode.swift; path = PreworkTests.swift; sourceTree = "<group>"; };
		52261BEE25ABE30700C7FA25 /* Info.plist */ = {isa = PBXFileReference; lastKnownFileType = text.plist.xml; path = Info.plist; sourceTree = "<group>"; };
		52261BF325ABE30700C7FA25 /* PreworkUITests.xctest */ = {isa = PBXFileReference; explicitFileType = wrapper.cfbundle; includeInIndex = 0; path = PreworkUITests.xctest; sourceTree = BUILT_PRODUCTS_DIR; };
		52261BF725ABE30700C7FA25 /* PreworkUITests.swift */ = {isa = PBXFileReference; lastKnownFileType = sourcecode.swift; path = PreworkUITests.swift; sourceTree = "<group>"; };
		52261BF925ABE30700C7FA25 /* Info.plist */ = {isa = PBXFileReference; lastKnownFileType = text.plist.xml; path = Info.plist; sourceTree = "<group>"; };
/* End PBXFileReference section */

/* Begin PBXFrameworksBuildPhase section */
		52261BCF25ABE30600C7FA25 /* Frameworks */ = {
			isa = PBXFrameworksBuildPhase;
			buildActionMask = 2147483647;
			files = (
			);
			runOnlyForDeploymentPostprocessing = 0;
		};
		52261BE525ABE30700C7FA25 /* Frameworks */ = {
			isa = PBXFrameworksBuildPhase;
			buildActionMask = 2147483647;
			files = (
			);
			runOnlyForDeploymentPostprocessing = 0;
		};
		52261BF025ABE30700C7FA25 /* Frameworks */ = {
			isa = PBXFrameworksBuildPhase;
			buildActionMask = 2147483647;
			files = (
			);
			runOnlyForDeploymentPostprocessing = 0;
		};
/* End PBXFrameworksBuildPhase section */

/* Begin PBXGroup section */
		52261BC925ABE30600C7FA25 = {
			isa = PBXGroup;
			children = (
				52261BD425ABE30600C7FA25 /* Prework */,
				52261BEB25ABE30700C7FA25 /* PreworkTests */,
				52261BF625ABE30700C7FA25 /* PreworkUITests */,
				52261BD325ABE30600C7FA25 /* Products */,
			);
			sourceTree = "<group>";
		};
		52261BD325ABE30600C7FA25 /* Products */ = {
			isa = PBXGroup;
			children = (
				52261BD225ABE30600C7FA25 /* Prework.app */,
				52261BE825ABE30700C7FA25 /* PreworkTests.xctest */,
				52261BF325ABE30700C7FA25 /* PreworkUITests.xctest */,
			);
			name = Products;
			sourceTree = "<group>";
		};
		52261BD425ABE30600C7FA25 /* Prework */ = {
			isa = PBXGroup;
			children = (
				52261BD525ABE30600C7FA25 /* AppDelegate.swift */,
				52261BD725ABE30600C7FA25 /* SceneDelegate.swift */,
				52261BD925ABE30600C7FA25 /* ViewController.swift */,
				52261BDB25ABE30600C7FA25 /* Main.storyboard */,
				52261BDE25ABE30700C7FA25 /* Assets.xcassets */,
				52261BE025ABE30700C7FA25 /* LaunchScreen.storyboard */,
				52261BE325ABE30700C7FA25 /* Info.plist */,
			);
			path = Prework;
			sourceTree = "<group>";
		};
		52261BEB25ABE30700C7FA25 /* PreworkTests */ = {
			isa = PBXGroup;
			children = (
				52261BEC25ABE30700C7FA25 /* PreworkTests.swift */,
				52261BEE25ABE30700C7FA25 /* Info.plist */,
			);
			path = PreworkTests;
			sourceTree = "<group>";
		};
		52261BF625ABE30700C7FA25 /* PreworkUITests */ = {
			isa = PBXGroup;
			children = (
				52261BF725ABE30700C7FA25 /* PreworkUITests.swift */,
				52261BF925ABE30700C7FA25 /* Info.plist */,
			);
			path = PreworkUITests;
			sourceTree = "<group>";
		};
/* End PBXGroup section */

/* Begin PBXNativeTarget section */
		52261BD125ABE30600C7FA25 /* Prework */ = {
			isa = PBXNativeTarget;
			buildConfigurationList = 52261BFC25ABE30700C7FA25 /* Build configuration list for PBXNativeTarget "Prework" */;
			buildPhases = (
				52261BCE25ABE30600C7FA25 /* Sources */,
				52261BCF25ABE30600C7FA25 /* Frameworks */,
				52261BD025ABE30600C7FA25 /* Resources */,
			);
			buildRules = (
			);
			dependencies = (
			);
			name = Prework;
			productName = Prework;
			productReference = 52261BD225ABE30600C7FA25 /* Prework.app */;
			productType = "com.apple.product-type.application";
		};
		52261BE725ABE30700C7FA25 /* PreworkTests */ = {
			isa = PBXNativeTarget;
			buildConfigurationList = 52261BFF25ABE30700C7FA25 /* Build configuration list for PBXNativeTarget "PreworkTests" */;
			buildPhases = (
				52261BE425ABE30700C7FA25 /* Sources */,
				52261BE525ABE30700C7FA25 /* Frameworks */,
				52261BE625ABE30700C7FA25 /* Resources */,
			);
			buildRules = (
			);
			dependencies = (
				52261BEA25ABE30700C7FA25 /* PBXTargetDependency */,
			);
			name = PreworkTests;
			productName = PreworkTests;
			productReference = 52261BE825ABE30700C7FA25 /* PreworkTests.xctest */;
			productType = "com.apple.product-type.bundle.unit-test";
		};
		52261BF225ABE30700C7FA25 /* PreworkUITests */ = {
			isa = PBXNativeTarget;
			buildConfigurationList = 52261C0225ABE30700C7FA25 /* Build configuration list for PBXNativeTarget "PreworkUITests" */;
			buildPhases = (
				52261BEF25ABE30700C7FA25 /* Sources */,
				52261BF025ABE30700C7FA25 /* Frameworks */,
				52261BF125ABE30700C7FA25 /* Resources */,
			);
			buildRules = (
			);
			dependencies = (
				52261BF525ABE30700C7FA25 /* PBXTargetDependency */,
			);
			name = PreworkUITests;
			productName = PreworkUITests;
			productReference = 52261BF325ABE30700C7FA25 /* PreworkUITests.xctest */;
			productType = "com.apple.product-type.bundle.ui-testing";
		};
/* End PBXNativeTarget section */

/* Begin PBXProject section */
		52261BCA25ABE30600C7FA25 /* Project object */ = {
			isa = PBXProject;
			attributes = {
				LastSwiftUpdateCheck = 1230;
				LastUpgradeCheck = 1230;
				TargetAttributes = {
					52261BD125ABE30600C7FA25 = {
						CreatedOnToolsVersion = 12.3;
					};
					52261BE725ABE30700C7FA25 = {
						CreatedOnToolsVersion = 12.3;
						TestTargetID = 52261BD125ABE30600C7FA25;
					};
					52261BF225ABE30700C7FA25 = {
						CreatedOnToolsVersion = 12.3;
						TestTargetID = 52261BD125ABE30600C7FA25;
					};
				};
			};
			buildConfigurationList = 52261BCD25ABE30600C7FA25 /* Build configuration list for PBXProject "Prework" */;
			compatibilityVersion = "Xcode 9.3";
			developmentRegion = en;
			hasScannedForEncodings = 0;
			knownRegions = (
				en,
				Base,
			);
			mainGroup = 52261BC925ABE30600C7FA25;
			productRefGroup = 52261BD325ABE30600C7FA25 /* Products */;
			projectDirPath = "";
			projectRoot = "";
			targets = (
				52261BD125ABE30600C7FA25 /* Prework */,
				52261BE725ABE30700C7FA25 /* PreworkTests */,
				52261BF225ABE30700C7FA25 /* PreworkUITests */,
			);
		};
/* End PBXProject section */

/* Begin PBXResourcesBuildPhase section */
		52261BD025ABE30600C7FA25 /* Resources */ = {
			isa = PBXResourcesBuildPhase;
			buildActionMask = 2147483647;
			files = (
				52261BE225ABE30700C7FA25 /* LaunchScreen.storyboard in Resources */,
				52261BDF25ABE30700C7FA25 /* Assets.xcassets in Resources */,
				52261BDD25ABE30600C7FA25 /* Main.storyboard in Resources */,
			);
			runOnlyForDeploymentPostprocessing = 0;
		};
		52261BE625ABE30700C7FA25 /* Resources */ = {
			isa = PBXResourcesBuildPhase;
			buildActionMask = 2147483647;
			files = (
			);
			runOnlyForDeploymentPostprocessing = 0;
		};
		52261BF125ABE30700C7FA25 /* Resources */ = {
			isa = PBXResourcesBuildPhase;
			buildActionMask = 2147483647;
			files = (
			);
			runOnlyForDeploymentPostprocessing = 0;
		};
/* End PBXResourcesBuildPhase section */

/* Begin PBXSourcesBuildPhase section */
		52261BCE25ABE30600C7FA25 /* Sources */ = {
			isa = PBXSourcesBuildPhase;
			buildActionMask = 2147483647;
			files = (
				52261BDA25ABE30600C7FA25 /* ViewController.swift in Sources */,
				52261BD625ABE30600C7FA25 /* AppDelegate.swift in Sources */,
				52261BD825ABE30600C7FA25 /* SceneDelegate.swift in Sources */,
			);
			runOnlyForDeploymentPostprocessing = 0;
		};
		52261BE425ABE30700C7FA25 /* Sources */ = {
			isa = PBXSourcesBuildPhase;
			buildActionMask = 2147483647;
			files = (
				52261BED25ABE30700C7FA25 /* PreworkTests.swift in Sources */,
			);
			runOnlyForDeploymentPostprocessing = 0;
		};
		52261BEF25ABE30700C7FA25 /* Sources */ = {
			isa = PBXSourcesBuildPhase;
			buildActionMask = 2147483647;
			files = (
				52261BF825ABE30700C7FA25 /* PreworkUITests.swift in Sources */,
			);
			runOnlyForDeploymentPostprocessing = 0;
		};
/* End PBXSourcesBuildPhase section */

/* Begin PBXTargetDependency section */
		52261BEA25ABE30700C7FA25 /* PBXTargetDependency */ = {
			isa = PBXTargetDependency;
			target = 52261BD125ABE30600C7FA25 /* Prework */;
			targetProxy = 52261BE925ABE30700C7FA25 /* PBXContainerItemProxy */;
		};
		52261BF525ABE30700C7FA25 /* PBXTargetDependency */ = {
			isa = PBXTargetDependency;
			target = 52261BD125ABE30600C7FA25 /* Prework */;
			targetProxy = 52261BF425ABE30700C7FA25 /* PBXContainerItemProxy */;
		};
/* End PBXTargetDependency section */

/* Begin PBXVariantGroup section */
		52261BDB25ABE30600C7FA25 /* Main.storyboard */ = {
			isa = PBXVariantGroup;
			children = (
				52261BDC25ABE30600C7FA25 /* Base */,
			);
			name = Main.storyboard;
			sourceTree = "<group>";
		};
		52261BE025ABE30700C7FA25 /* LaunchScreen.storyboard */ = {
			isa = PBXVariantGroup;
			children = (
				52261BE125ABE30700C7FA25 /* Base */,
			);
			name = LaunchScreen.storyboard;
			sourceTree = "<group>";
		};
/* End PBXVariantGroup section */

/* Begin XCBuildConfiguration section */
		52261BFA25ABE30700C7FA25 /* Debug */ = {
			isa = XCBuildConfiguration;
			buildSettings = {
				ALWAYS_SEARCH_USER_PATHS = NO;
				CLANG_ANALYZER_NONNULL = YES;
				CLANG_ANALYZER_NUMBER_OBJECT_CONVERSION = YES_AGGRESSIVE;
				CLANG_CXX_LANGUAGE_STANDARD = "gnu++14";
				CLANG_CXX_LIBRARY = "libc++";
				CLANG_ENABLE_MODULES = YES;
				CLANG_ENABLE_OBJC_ARC = YES;
				CLANG_ENABLE_OBJC_WEAK = YES;
				CLANG_WARN_BLOCK_CAPTURE_AUTORELEASING = YES;
				CLANG_WARN_BOOL_CONVERSION = YES;
				CLANG_WARN_COMMA = YES;
				CLANG_WARN_CONSTANT_CONVERSION = YES;
				CLANG_WARN_DEPRECATED_OBJC_IMPLEMENTATIONS = YES;
				CLANG_WARN_DIRECT_OBJC_ISA_USAGE = YES_ERROR;
				CLANG_WARN_DOCUMENTATION_COMMENTS = YES;
				CLANG_WARN_EMPTY_BODY = YES;
				CLANG_WARN_ENUM_CONVERSION = YES;
				CLANG_WARN_INFINITE_RECURSION = YES;
				CLANG_WARN_INT_CONVERSION = YES;
				CLANG_WARN_NON_LITERAL_NULL_CONVERSION = YES;
				CLANG_WARN_OBJC_IMPLICIT_RETAIN_SELF = YES;
				CLANG_WARN_OBJC_LITERAL_CONVERSION = YES;
				CLANG_WARN_OBJC_ROOT_CLASS = YES_ERROR;
				CLANG_WARN_QUOTED_INCLUDE_IN_FRAMEWORK_HEADER = YES;
				CLANG_WARN_RANGE_LOOP_ANALYSIS = YES;
				CLANG_WARN_STRICT_PROTOTYPES = YES;
				CLANG_WARN_SUSPICIOUS_MOVE = YES;
				CLANG_WARN_UNGUARDED_AVAILABILITY = YES_AGGRESSIVE;
				CLANG_WARN_UNREACHABLE_CODE = YES;
				CLANG_WARN__DUPLICATE_METHOD_MATCH = YES;
				COPY_PHASE_STRIP = NO;
				DEBUG_INFORMATION_FORMAT = dwarf;
				ENABLE_STRICT_OBJC_MSGSEND = YES;
				ENABLE_TESTABILITY = YES;
				GCC_C_LANGUAGE_STANDARD = gnu11;
				GCC_DYNAMIC_NO_PIC = NO;
				GCC_NO_COMMON_BLOCKS = YES;
				GCC_OPTIMIZATION_LEVEL = 0;
				GCC_PREPROCESSOR_DEFINITIONS = (
					"DEBUG=1",
					"$(inherited)",
				);
				GCC_WARN_64_TO_32_BIT_CONVERSION = YES;
				GCC_WARN_ABOUT_RETURN_TYPE = YES_ERROR;
				GCC_WARN_UNDECLARED_SELECTOR = YES;
				GCC_WARN_UNINITIALIZED_AUTOS = YES_AGGRESSIVE;
				GCC_WARN_UNUSED_FUNCTION = YES;
				GCC_WARN_UNUSED_VARIABLE = YES;
				IPHONEOS_DEPLOYMENT_TARGET = 14.3;
				MTL_ENABLE_DEBUG_INFO = INCLUDE_SOURCE;
				MTL_FAST_MATH = YES;
				ONLY_ACTIVE_ARCH = YES;
				SDKROOT = iphoneos;
				SWIFT_ACTIVE_COMPILATION_CONDITIONS = DEBUG;
				SWIFT_OPTIMIZATION_LEVEL = "-Onone";
			};
			name = Debug;
		};
		52261BFB25ABE30700C7FA25 /* Release */ = {
			isa = XCBuildConfiguration;
			buildSettings = {
				ALWAYS_SEARCH_USER_PATHS = NO;
				CLANG_ANALYZER_NONNULL = YES;
				CLANG_ANALYZER_NUMBER_OBJECT_CONVERSION = YES_AGGRESSIVE;
				CLANG_CXX_LANGUAGE_STANDARD = "gnu++14";
				CLANG_CXX_LIBRARY = "libc++";
				CLANG_ENABLE_MODULES = YES;
				CLANG_ENABLE_OBJC_ARC = YES;
				CLANG_ENABLE_OBJC_WEAK = YES;
				CLANG_WARN_BLOCK_CAPTURE_AUTORELEASING = YES;
				CLANG_WARN_BOOL_CONVERSION = YES;
				CLANG_WARN_COMMA = YES;
				CLANG_WARN_CONSTANT_CONVERSION = YES;
				CLANG_WARN_DEPRECATED_OBJC_IMPLEMENTATIONS = YES;
				CLANG_WARN_DIRECT_OBJC_ISA_USAGE = YES_ERROR;
				CLANG_WARN_DOCUMENTATION_COMMENTS = YES;
				CLANG_WARN_EMPTY_BODY = YES;
				CLANG_WARN_ENUM_CONVERSION = YES;
				CLANG_WARN_INFINITE_RECURSION = YES;
				CLANG_WARN_INT_CONVERSION = YES;
				CLANG_WARN_NON_LITERAL_NULL_CONVERSION = YES;
				CLANG_WARN_OBJC_IMPLICIT_RETAIN_SELF = YES;
				CLANG_WARN_OBJC_LITERAL_CONVERSION = YES;
				CLANG_WARN_OBJC_ROOT_CLASS = YES_ERROR;
				CLANG_WARN_QUOTED_INCLUDE_IN_FRAMEWORK_HEADER = YES;
				CLANG_WARN_RANGE_LOOP_ANALYSIS = YES;
				CLANG_WARN_STRICT_PROTOTYPES = YES;
				CLANG_WARN_SUSPICIOUS_MOVE = YES;
				CLANG_WARN_UNGUARDED_AVAILABILITY = YES_AGGRESSIVE;
				CLANG_WARN_UNREACHABLE_CODE = YES;
				CLANG_WARN__DUPLICATE_METHOD_MATCH = YES;
				COPY_PHASE_STRIP = NO;
				DEBUG_INFORMATION_FORMAT = "dwarf-with-dsym";
				ENABLE_NS_ASSERTIONS = NO;
				ENABLE_STRICT_OBJC_MSGSEND = YES;
				GCC_C_LANGUAGE_STANDARD = gnu11;
				GCC_NO_COMMON_BLOCKS = YES;
				GCC_WARN_64_TO_32_BIT_CONVERSION = YES;
				GCC_WARN_ABOUT_RETURN_TYPE = YES_ERROR;
				GCC_WARN_UNDECLARED_SELECTOR = YES;
				GCC_WARN_UNINITIALIZED_AUTOS = YES_AGGRESSIVE;
				GCC_WARN_UNUSED_FUNCTION = YES;
				GCC_WARN_UNUSED_VARIABLE = YES;
				IPHONEOS_DEPLOYMENT_TARGET = 14.3;
				MTL_ENABLE_DEBUG_INFO = NO;
				MTL_FAST_MATH = YES;
				SDKROOT = iphoneos;
				SWIFT_COMPILATION_MODE = wholemodule;
				SWIFT_OPTIMIZATION_LEVEL = "-O";
				VALIDATE_PRODUCT = YES;
			};
			name = Release;
		};
		52261BFD25ABE30700C7FA25 /* Debug */ = {
			isa = XCBuildConfiguration;
			buildSettings = {
				ASSETCATALOG_COMPILER_APPICON_NAME = AppIcon;
				ASSETCATALOG_COMPILER_GLOBAL_ACCENT_COLOR_NAME = AccentColor;
				CODE_SIGN_STYLE = Automatic;
				INFOPLIST_FILE = Prework/Info.plist;
				LD_RUNPATH_SEARCH_PATHS = (
					"$(inherited)",
					"@executable_path/Frameworks",
				);
				PRODUCT_BUNDLE_IDENTIFIER = ahall.Prework;
				PRODUCT_NAME = "$(TARGET_NAME)";
				SWIFT_VERSION = 5.0;
				TARGETED_DEVICE_FAMILY = "1,2";
			};
			name = Debug;
		};
		52261BFE25ABE30700C7FA25 /* Release */ = {
			isa = XCBuildConfiguration;
			buildSettings = {
				ASSETCATALOG_COMPILER_APPICON_NAME = AppIcon;
				ASSETCATALOG_COMPILER_GLOBAL_ACCENT_COLOR_NAME = AccentColor;
				CODE_SIGN_STYLE = Automatic;
				INFOPLIST_FILE = Prework/Info.plist;
				LD_RUNPATH_SEARCH_PATHS = (
					"$(inherited)",
					"@executable_path/Frameworks",
				);
				PRODUCT_BUNDLE_IDENTIFIER = ahall.Prework;
				PRODUCT_NAME = "$(TARGET_NAME)";
				SWIFT_VERSION = 5.0;
				TARGETED_DEVICE_FAMILY = "1,2";
			};
			name = Release;
		};
		52261C0025ABE30700C7FA25 /* Debug */ = {
			isa = XCBuildConfiguration;
			buildSettings = {
				ALWAYS_EMBED_SWIFT_STANDARD_LIBRARIES = YES;
				BUNDLE_LOADER = "$(TEST_HOST)";
				CODE_SIGN_STYLE = Automatic;
				INFOPLIST_FILE = PreworkTests/Info.plist;
				IPHONEOS_DEPLOYMENT_TARGET = 14.3;
				LD_RUNPATH_SEARCH_PATHS = (
					"$(inherited)",
					"@executable_path/Frameworks",
					"@loader_path/Frameworks",
				);
				PRODUCT_BUNDLE_IDENTIFIER = ahall.PreworkTests;
				PRODUCT_NAME = "$(TARGET_NAME)";
				SWIFT_VERSION = 5.0;
				TARGETED_DEVICE_FAMILY = "1,2";
				TEST_HOST = "$(BUILT_PRODUCTS_DIR)/Prework.app/Prework";
			};
			name = Debug;
		};
		52261C0125ABE30700C7FA25 /* Release */ = {
			isa = XCBuildConfiguration;
			buildSettings = {
				ALWAYS_EMBED_SWIFT_STANDARD_LIBRARIES = YES;
				BUNDLE_LOADER = "$(TEST_HOST)";
				CODE_SIGN_STYLE = Automatic;
				INFOPLIST_FILE = PreworkTests/Info.plist;
				IPHONEOS_DEPLOYMENT_TARGET = 14.3;
				LD_RUNPATH_SEARCH_PATHS = (
					"$(inherited)",
					"@executable_path/Frameworks",
					"@loader_path/Frameworks",
				);
				PRODUCT_BUNDLE_IDENTIFIER = ahall.PreworkTests;
				PRODUCT_NAME = "$(TARGET_NAME)";
				SWIFT_VERSION = 5.0;
				TARGETED_DEVICE_FAMILY = "1,2";
				TEST_HOST = "$(BUILT_PRODUCTS_DIR)/Prework.app/Prework";
			};
			name = Release;
		};
		52261C0325ABE30700C7FA25 /* Debug */ = {
			isa = XCBuildConfiguration;
			buildSettings = {
				ALWAYS_EMBED_SWIFT_STANDARD_LIBRARIES = YES;
				CODE_SIGN_STYLE = Automatic;
				INFOPLIST_FILE = PreworkUITests/Info.plist;
				LD_RUNPATH_SEARCH_PATHS = (
					"$(inherited)",
					"@executable_path/Frameworks",
					"@loader_path/Frameworks",
				);
				PRODUCT_BUNDLE_IDENTIFIER = ahall.PreworkUITests;
				PRODUCT_NAME = "$(TARGET_NAME)";
				SWIFT_VERSION = 5.0;
				TARGETED_DEVICE_FAMILY = "1,2";
				TEST_TARGET_NAME = Prework;
			};
			name = Debug;
		};
		52261C0425ABE30700C7FA25 /* Release */ = {
			isa = XCBuildConfiguration;
			buildSettings = {
				ALWAYS_EMBED_SWIFT_STANDARD_LIBRARIES = YES;
				CODE_SIGN_STYLE = Automatic;
				INFOPLIST_FILE = PreworkUITests/Info.plist;
				LD_RUNPATH_SEARCH_PATHS = (
					"$(inherited)",
					"@executable_path/Frameworks",
					"@loader_path/Frameworks",
				);
				PRODUCT_BUNDLE_IDENTIFIER = ahall.PreworkUITests;
				PRODUCT_NAME = "$(TARGET_NAME)";
				SWIFT_VERSION = 5.0;
				TARGETED_DEVICE_FAMILY = "1,2";
				TEST_TARGET_NAME = Prework;
			};
			name = Release;
		};
/* End XCBuildConfiguration section */

/* Begin XCConfigurationList section */
		52261BCD25ABE30600C7FA25 /* Build configuration list for PBXProject "Prework" */ = {
			isa = XCConfigurationList;
			buildConfigurations = (
				52261BFA25ABE30700C7FA25 /* Debug */,
				52261BFB25ABE30700C7FA25 /* Release */,
			);
			defaultConfigurationIsVisible = 0;
			defaultConfigurationName = Release;
		};
		52261BFC25ABE30700C7FA25 /* Build configuration list for PBXNativeTarget "Prework" */ = {
			isa = XCConfigurationList;
			buildConfigurations = (
				52261BFD25ABE30700C7FA25 /* Debug */,
				52261BFE25ABE30700C7FA25 /* Release */,
			);
			defaultConfigurationIsVisible = 0;
			defaultConfigurationName = Release;
		};
		52261BFF25ABE30700C7FA25 /* Build configuration list for PBXNativeTarget "PreworkTests" */ = {
			isa = XCConfigurationList;
			buildConfigurations = (
				52261C0025ABE30700C7FA25 /* Debug */,
				52261C0125ABE30700C7FA25 /* Release */,
			);
			defaultConfigurationIsVisible = 0;
			defaultConfigurationName = Release;
		};
		52261C0225ABE30700C7FA25 /* Build configuration list for PBXNativeTarget "PreworkUITests" */ = {
			isa = XCConfigurationList;
			buildConfigurations = (
				52261C0325ABE30700C7FA25 /* Debug */,
				52261C0425ABE30700C7FA25 /* Release */,
			);
			defaultConfigurationIsVisible = 0;
			defaultConfigurationName = Release;
		};
/* End XCConfigurationList section */
	};
	rootObject = 52261BCA25ABE30600C7FA25 /* Project object */;
}
